# Generated by move; do not edit
# This file should be checked in.

[move]
version = 4

[pinned.testnet.MoveStdlib]
source = { git = "https://github.com/MystenLabs/sui.git", subdir = "crates/sui-framework/packages/move-stdlib", rev = "73dd2c2ba6f9fdb21d7ffde2b50a3f2f0ac39bc1" }
use_environment = "testnet"
manifest_digest = "C4FE4C91DE74CBF223B2E380AE40F592177D21870DC2D7EB6227D2D694E05363"
deps = {}

[pinned.testnet.Stelis]
source = { root = true }
use_environment = "testnet"
manifest_digest = "A5D8E529BAE61B7A6F5A94A7F7EB5079908FE1EEB233A80EBDFC0E69B03D807A"
deps = { deepbook = "deepbook", std = "MoveStdlib", sui = "Sui", token = "token" }

[pinned.testnet.Sui]
source = { git = "https://github.com/MystenLabs/sui.git", subdir = "crates/sui-framework/packages/sui-framework", rev = "73dd2c2ba6f9fdb21d7ffde2b50a3f2f0ac39bc1" }
use_environment = "testnet"
manifest_digest = "7AFB66695545775FBFBB2D3078ADFD084244D5002392E837FDE21D9EA1C6D01C"
deps = { MoveStdlib = "MoveStdlib" }

[pinned.testnet.deepbook]
source = { git = "https://github.com/MystenLabs/deepbookv3.git", subdir = "packages/deepbook", rev = "d3206b717c6f63593fae14d1ff9e1ec055f051bd" }
use_environment = "testnet"
manifest_digest = "3101923B9428545A4F52FFAD1C4F959F9BFFF84CD09CE4BCC1CB831286999B5A"
deps = { std = "MoveStdlib", sui = "Sui", token = "token" }

[pinned.testnet.token]
source = { git = "https://github.com/MystenLabs/deepbookv3.git", subdir = "packages/token", rev = "462713b575077603c7fcb38d5cdeef904669495a" }
use_environment = "testnet"
manifest_digest = "5745706258F61D6CE210904B3E6AE87A73CE9D31A6F93BE4718C442529332A87"
deps = { std = "MoveStdlib", sui = "Sui" }
